// !$*UTF8*$!
{
	archiveVersion = 1;
	classes = {
	};
	objectVersion = 50;
	objects = {

/* Begin PBXBuildFile section */
		A1AB504E2265676F00AA3B6A /* AppDelegate.swift in Sources */ = {isa = PBXBuildFile; fileRef = A1AB504D2265676F00AA3B6A /* AppDelegate.swift */; };
		A1AB50502265676F00AA3B6A /* ViewController.swift in Sources */ = {isa = PBXBuildFile; fileRef = A1AB504F2265676F00AA3B6A /* ViewController.swift */; };
		A1AB50532265676F00AA3B6A /* Main.storyboard in Resources */ = {isa = PBXBuildFile; fileRef = A1AB50512265676F00AA3B6A /* Main.storyboard */; };
		A1AB50552265677600AA3B6A /* Assets.xcassets in Resources */ = {isa = PBXBuildFile; fileRef = A1AB50542265677600AA3B6A /* Assets.xcassets */; };
		A1AB50582265677600AA3B6A /* LaunchScreen.storyboard in Resources */ = {isa = PBXBuildFile; fileRef = A1AB50562265677600AA3B6A /* LaunchScreen.storyboard */; };
		A1AB50632265677600AA3B6A /* MassMoveTests.swift in Sources */ = {isa = PBXBuildFile; fileRef = A1AB50622265677600AA3B6A /* MassMoveTests.swift */; };
		A1AB506E2265677600AA3B6A /* MassMoveUITests.swift in Sources */ = {isa = PBXBuildFile; fileRef = A1AB506D2265677600AA3B6A /* MassMoveUITests.swift */; };
/* End PBXBuildFile section */

/* Begin PBXContainerItemProxy section */
		A1AB505F2265677600AA3B6A /* PBXContainerItemProxy */ = {
			isa = PBXContainerItemProxy;
			containerPortal = A1AB50422265676F00AA3B6A /* Project object */;
			proxyType = 1;
			remoteGlobalIDString = A1AB50492265676F00AA3B6A;
			remoteInfo = MassMove;
		};
		A1AB506A2265677600AA3B6A /* PBXContainerItemProxy */ = {
			isa = PBXContainerItemProxy;
			containerPortal = A1AB50422265676F00AA3B6A /* Project object */;
			proxyType = 1;
			remoteGlobalIDString = A1AB50492265676F00AA3B6A;
			remoteInfo = MassMove;
		};
/* End PBXContainerItemProxy section */

/* Begin PBXFileReference section */
		A1AB504A2265676F00AA3B6A /* MassMove.app */ = {isa = PBXFileReference; explicitFileType = wrapper.application; includeInIndex = 0; path = MassMove.app; sourceTree = BUILT_PRODUCTS_DIR; };
		A1AB504D2265676F00AA3B6A /* AppDelegate.swift */ = {isa = PBXFileReference; lastKnownFileType = sourcecode.swift; path = AppDelegate.swift; sourceTree = "<group>"; };
		A1AB504F2265676F00AA3B6A /* ViewController.swift */ = {isa = PBXFileReference; lastKnownFileType = sourcecode.swift; path = ViewController.swift; sourceTree = "<group>"; };
		A1AB50522265676F00AA3B6A /* Base */ = {isa = PBXFileReference; lastKnownFileType = file.storyboard; name = Base; path = Base.lproj/Main.storyboard; sourceTree = "<group>"; };
		A1AB50542265677600AA3B6A /* Assets.xcassets */ = {isa = PBXFileReference; lastKnownFileType = folder.assetcatalog; path = Assets.xcassets; sourceTree = "<group>"; };
		A1AB50572265677600AA3B6A /* Base */ = {isa = PBXFileReference; lastKnownFileType = file.storyboard; name = Base; path = Base.lproj/LaunchScreen.storyboard; sourceTree = "<group>"; };
		A1AB50592265677600AA3B6A /* Info.plist */ = {isa = PBXFileReference; lastKnownFileType = text.plist.xml; path = Info.plist; sourceTree = "<group>"; };
		A1AB505E2265677600AA3B6A /* MassMoveTests.xctest */ = {isa = PBXFileReference; explicitFileType = wrapper.cfbundle; includeInIndex = 0; path = MassMoveTests.xctest; sourceTree = BUILT_PRODUCTS_DIR; };
		A1AB50622265677600AA3B6A /* MassMoveTests.swift */ = {isa = PBXFileReference; lastKnownFileType = sourcecode.swift; path = MassMoveTests.swift; sourceTree = "<group>"; };
		A1AB50642265677600AA3B6A /* Info.plist */ = {isa = PBXFileReference; lastKnownFileType = text.plist.xml; path = Info.plist; sourceTree = "<group>"; };
		A1AB50692265677600AA3B6A /* MassMoveUITests.xctest */ = {isa = PBXFileReference; explicitFileType = wrapper.cfbundle; includeInIndex = 0; path = MassMoveUITests.xctest; sourceTree = BUILT_PRODUCTS_DIR; };
		A1AB506D2265677600AA3B6A /* MassMoveUITests.swift */ = {isa = PBXFileReference; lastKnownFileType = sourcecode.swift; path = MassMoveUITests.swift; sourceTree = "<group>"; };
		A1AB506F2265677600AA3B6A /* Info.plist */ = {isa = PBXFileReference; lastKnownFileType = text.plist.xml; path = Info.plist; sourceTree = "<group>"; };
/* End PBXFileReference section */

/* Begin PBXFrameworksBuildPhase section */
		A1AB50472265676F00AA3B6A /* Frameworks */ = {
			isa = PBXFrameworksBuildPhase;
			buildActionMask = 2147483647;
			files = (
			);
			runOnlyForDeploymentPostprocessing = 0;
		};
		A1AB505B2265677600AA3B6A /* Frameworks */ = {
			isa = PBXFrameworksBuildPhase;
			buildActionMask = 2147483647;
			files = (
			);
			runOnlyForDeploymentPostprocessing = 0;
		};
		A1AB50662265677600AA3B6A /* Frameworks */ = {
			isa = PBXFrameworksBuildPhase;
			buildActionMask = 2147483647;
			files = (
			);
			runOnlyForDeploymentPostprocessing = 0;
		};
/* End PBXFrameworksBuildPhase section */

/* Begin PBXGroup section */
		A1AB50412265676F00AA3B6A = {
			isa = PBXGroup;
			children = (
				A1AB504C2265676F00AA3B6A /* MassMove */,
				A1AB50612265677600AA3B6A /* MassMoveTests */,
				A1AB506C2265677600AA3B6A /* MassMoveUITests */,
				A1AB504B2265676F00AA3B6A /* Products */,
			);
			sourceTree = "<group>";
		};
		A1AB504B2265676F00AA3B6A /* Products */ = {
			isa = PBXGroup;
			children = (
				A1AB504A2265676F00AA3B6A /* MassMove.app */,
				A1AB505E2265677600AA3B6A /* MassMoveTests.xctest */,
				A1AB50692265677600AA3B6A /* MassMoveUITests.xctest */,
			);
			name = Products;
			sourceTree = "<group>";
		};
		A1AB504C2265676F00AA3B6A /* MassMove */ = {
			isa = PBXGroup;
			children = (
				A1AB504D2265676F00AA3B6A /* AppDelegate.swift */,
				A1AB504F2265676F00AA3B6A /* ViewController.swift */,
				A1AB50512265676F00AA3B6A /* Main.storyboard */,
				A1AB50542265677600AA3B6A /* Assets.xcassets */,
				A1AB50562265677600AA3B6A /* LaunchScreen.storyboard */,
				A1AB50592265677600AA3B6A /* Info.plist */,
			);
			path = MassMove;
			sourceTree = "<group>";
		};
		A1AB50612265677600AA3B6A /* MassMoveTests */ = {
			isa = PBXGroup;
			children = (
				A1AB50622265677600AA3B6A /* MassMoveTests.swift */,
				A1AB50642265677600AA3B6A /* Info.plist */,
			);
			path = MassMoveTests;
			sourceTree = "<group>";
		};
		A1AB506C2265677600AA3B6A /* MassMoveUITests */ = {
			isa = PBXGroup;
			children = (
				A1AB506D2265677600AA3B6A /* MassMoveUITests.swift */,
				A1AB506F2265677600AA3B6A /* Info.plist */,
			);
			path = MassMoveUITests;
			sourceTree = "<group>";
		};
/* End PBXGroup section */

/* Begin PBXNativeTarget section */
		A1AB50492265676F00AA3B6A /* MassMove */ = {
			isa = PBXNativeTarget;
			buildConfigurationList = A1AB50722265677600AA3B6A /* Build configuration list for PBXNativeTarget "MassMove" */;
			buildPhases = (
				A1AB50462265676F00AA3B6A /* Sources */,
				A1AB50472265676F00AA3B6A /* Frameworks */,
				A1AB50482265676F00AA3B6A /* Resources */,
			);
			buildRules = (
			);
			dependencies = (
			);
			name = MassMove;
			productName = MassMove;
			productReference = A1AB504A2265676F00AA3B6A /* MassMove.app */;
			productType = "com.apple.product-type.application";
		};
		A1AB505D2265677600AA3B6A /* MassMoveTests */ = {
			isa = PBXNativeTarget;
			buildConfigurationList = A1AB50752265677600AA3B6A /* Build configuration list for PBXNativeTarget "MassMoveTests" */;
			buildPhases = (
				A1AB505A2265677600AA3B6A /* Sources */,
				A1AB505B2265677600AA3B6A /* Frameworks */,
				A1AB505C2265677600AA3B6A /* Resources */,
			);
			buildRules = (
			);
			dependencies = (
				A1AB50602265677600AA3B6A /* PBXTargetDependency */,
			);
			name = MassMoveTests;
			productName = MassMoveTests;
			productReference = A1AB505E2265677600AA3B6A /* MassMoveTests.xctest */;
			productType = "com.apple.product-type.bundle.unit-test";
		};
		A1AB50682265677600AA3B6A /* MassMoveUITests */ = {
			isa = PBXNativeTarget;
			buildConfigurationList = A1AB50782265677600AA3B6A /* Build configuration list for PBXNativeTarget "MassMoveUITests" */;
			buildPhases = (
				A1AB50652265677600AA3B6A /* Sources */,
				A1AB50662265677600AA3B6A /* Frameworks */,
				A1AB50672265677600AA3B6A /* Resources */,
			);
			buildRules = (
			);
			dependencies = (
				A1AB506B2265677600AA3B6A /* PBXTargetDependency */,
			);
			name = MassMoveUITests;
			productName = MassMoveUITests;
			productReference = A1AB50692265677600AA3B6A /* MassMoveUITests.xctest */;
			productType = "com.apple.product-type.bundle.ui-testing";
		};
/* End PBXNativeTarget section */

/* Begin PBXProject section */
		A1AB50422265676F00AA3B6A /* Project object */ = {
			isa = PBXProject;
			attributes = {
				LastSwiftUpdateCheck = 1010;
				LastUpgradeCheck = 1010;
				ORGANIZATIONNAME = "野崎絵未里";
				TargetAttributes = {
					A1AB50492265676F00AA3B6A = {
						CreatedOnToolsVersion = 10.1;
					};
					A1AB505D2265677600AA3B6A = {
						CreatedOnToolsVersion = 10.1;
						TestTargetID = A1AB50492265676F00AA3B6A;
					};
					A1AB50682265677600AA3B6A = {
						CreatedOnToolsVersion = 10.1;
						TestTargetID = A1AB50492265676F00AA3B6A;
					};
				};
			};
			buildConfigurationList = A1AB50452265676F00AA3B6A /* Build configuration list for PBXProject "MassMove" */;
			compatibilityVersion = "Xcode 9.3";
			developmentRegion = en;
			hasScannedForEncodings = 0;
			knownRegions = (
				en,
				Base,
			);
			mainGroup = A1AB50412265676F00AA3B6A;
			productRefGroup = A1AB504B2265676F00AA3B6A /* Products */;
			projectDirPath = "";
			projectRoot = "";
			targets = (
				A1AB50492265676F00AA3B6A /* MassMove */,
				A1AB505D2265677600AA3B6A /* MassMoveTests */,
				A1AB50682265677600AA3B6A /* MassMoveUITests */,
			);
		};
/* End PBXProject section */

/* Begin PBXResourcesBuildPhase section */
		A1AB50482265676F00AA3B6A /* Resources */ = {
			isa = PBXResourcesBuildPhase;
			buildActionMask = 2147483647;
			files = (
				A1AB50582265677600AA3B6A /* LaunchScreen.storyboard in Resources */,
				A1AB50552265677600AA3B6A /* Assets.xcassets in Resources */,
				A1AB50532265676F00AA3B6A /* Main.storyboard in Resources */,
			);
			runOnlyForDeploymentPostprocessing = 0;
		};
		A1AB505C2265677600AA3B6A /* Resources */ = {
			isa = PBXResourcesBuildPhase;
			buildActionMask = 2147483647;
			files = (
			);
			runOnlyForDeploymentPostprocessing = 0;
		};
		A1AB50672265677600AA3B6A /* Resources */ = {
			isa = PBXResourcesBuildPhase;
			buildActionMask = 2147483647;
			files = (
			);
			runOnlyForDeploymentPostprocessing = 0;
		};
/* End PBXResourcesBuildPhase section */

/* Begin PBXSourcesBuildPhase section */
		A1AB50462265676F00AA3B6A /* Sources */ = {
			isa = PBXSourcesBuildPhase;
			buildActionMask = 2147483647;
			files = (
				A1AB50502265676F00AA3B6A /* ViewController.swift in Sources */,
				A1AB504E2265676F00AA3B6A /* AppDelegate.swift in Sources */,
			);
			runOnlyForDeploymentPostprocessing = 0;
		};
		A1AB505A2265677600AA3B6A /* Sources */ = {
			isa = PBXSourcesBuildPhase;
			buildActionMask = 2147483647;
			files = (
				A1AB50632265677600AA3B6A /* MassMoveTests.swift in Sources */,
			);
			runOnlyForDeploymentPostprocessing = 0;
		};
		A1AB50652265677600AA3B6A /* Sources */ = {
			isa = PBXSourcesBuildPhase;
			buildActionMask = 2147483647;
			files = (
				A1AB506E2265677600AA3B6A /* MassMoveUITests.swift in Sources */,
			);
			runOnlyForDeploymentPostprocessing = 0;
		};
/* End PBXSourcesBuildPhase section */

/* Begin PBXTargetDependency section */
		A1AB50602265677600AA3B6A /* PBXTargetDependency */ = {
			isa = PBXTargetDependency;
			target = A1AB50492265676F00AA3B6A /* MassMove */;
			targetProxy = A1AB505F2265677600AA3B6A /* PBXContainerItemProxy */;
		};
		A1AB506B2265677600AA3B6A /* PBXTargetDependency */ = {
			isa = PBXTargetDependency;
			target = A1AB50492265676F00AA3B6A /* MassMove */;
			targetProxy = A1AB506A2265677600AA3B6A /* PBXContainerItemProxy */;
		};
/* End PBXTargetDependency section */

/* Begin PBXVariantGroup section */
		A1AB50512265676F00AA3B6A /* Main.storyboard */ = {
			isa = PBXVariantGroup;
			children = (
				A1AB50522265676F00AA3B6A /* Base */,
			);
			name = Main.storyboard;
			sourceTree = "<group>";
		};
		A1AB50562265677600AA3B6A /* LaunchScreen.storyboard */ = {
			isa = PBXVariantGroup;
			children = (
				A1AB50572265677600AA3B6A /* Base */,
			);
			name = LaunchScreen.storyboard;
			sourceTree = "<group>";
		};
/* End PBXVariantGroup section */

/* Begin XCBuildConfiguration section */
		A1AB50702265677600AA3B6A /* Debug */ = {
			isa = XCBuildConfiguration;
			buildSettings = {
				ALWAYS_SEARCH_USER_PATHS = NO;
				CLANG_ANALYZER_NONNULL = YES;
				CLANG_ANALYZER_NUMBER_OBJECT_CONVERSION = YES_AGGRESSIVE;
				CLANG_CXX_LANGUAGE_STANDARD = "gnu++14";
				CLANG_CXX_LIBRARY = "libc++";
				CLANG_ENABLE_MODULES = YES;
				CLANG_ENABLE_OBJC_ARC = YES;
				CLANG_ENABLE_OBJC_WEAK = YES;
				CLANG_WARN_BLOCK_CAPTURE_AUTORELEASING = YES;
				CLANG_WARN_BOOL_CONVERSION = YES;
				CLANG_WARN_COMMA = YES;
				CLANG_WARN_CONSTANT_CONVERSION = YES;
				CLANG_WARN_DEPRECATED_OBJC_IMPLEMENTATIONS = YES;
				CLANG_WARN_DIRECT_OBJC_ISA_USAGE = YES_ERROR;
				CLANG_WARN_DOCUMENTATION_COMMENTS = YES;
				CLANG_WARN_EMPTY_BODY = YES;
				CLANG_WARN_ENUM_CONVERSION = YES;
				CLANG_WARN_INFINITE_RECURSION = YES;
				CLANG_WARN_INT_CONVERSION = YES;
				CLANG_WARN_NON_LITERAL_NULL_CONVERSION = YES;
				CLANG_WARN_OBJC_IMPLICIT_RETAIN_SELF = YES;
				CLANG_WARN_OBJC_LITERAL_CONVERSION = YES;
				CLANG_WARN_OBJC_ROOT_CLASS = YES_ERROR;
				CLANG_WARN_RANGE_LOOP_ANALYSIS = YES;
				CLANG_WARN_STRICT_PROTOTYPES = YES;
				CLANG_WARN_SUSPICIOUS_MOVE = YES;
				CLANG_WARN_UNGUARDED_AVAILABILITY = YES_AGGRESSIVE;
				CLANG_WARN_UNREACHABLE_CODE = YES;
				CLANG_WARN__DUPLICATE_METHOD_MATCH = YES;
				CODE_SIGN_IDENTITY = "iPhone Developer";
				COPY_PHASE_STRIP = NO;
				DEBUG_INFORMATION_FORMAT = dwarf;
				ENABLE_STRICT_OBJC_MSGSEND = YES;
				ENABLE_TESTABILITY = YES;
				GCC_C_LANGUAGE_STANDARD = gnu11;
				GCC_DYNAMIC_NO_PIC = NO;
				GCC_NO_COMMON_BLOCKS = YES;
				GCC_OPTIMIZATION_LEVEL = 0;
				GCC_PREPROCESSOR_DEFINITIONS = (
					"DEBUG=1",
					"$(inherited)",
				);
				GCC_WARN_64_TO_32_BIT_CONVERSION = YES;
				GCC_WARN_ABOUT_RETURN_TYPE = YES_ERROR;
				GCC_WARN_UNDECLARED_SELECTOR = YES;
				GCC_WARN_UNINITIALIZED_AUTOS = YES_AGGRESSIVE;
				GCC_WARN_UNUSED_FUNCTION = YES;
				GCC_WARN_UNUSED_VARIABLE = YES;
				IPHONEOS_DEPLOYMENT_TARGET = 12.1;
				MTL_ENABLE_DEBUG_INFO = INCLUDE_SOURCE;
				MTL_FAST_MATH = YES;
				ONLY_ACTIVE_ARCH = YES;
				SDKROOT = iphoneos;
				SWIFT_ACTIVE_COMPILATION_CONDITIONS = DEBUG;
				SWIFT_OPTIMIZATION_LEVEL = "-Onone";
			};
			name = Debug;
		};
		A1AB50712265677600AA3B6A /* Release */ = {
			isa = XCBuildConfiguration;
			buildSettings = {
				ALWAYS_SEARCH_USER_PATHS = NO;
				CLANG_ANALYZER_NONNULL = YES;
				CLANG_ANALYZER_NUMBER_OBJECT_CONVERSION = YES_AGGRESSIVE;
				CLANG_CXX_LANGUAGE_STANDARD = "gnu++14";
				CLANG_CXX_LIBRARY = "libc++";
				CLANG_ENABLE_MODULES = YES;
				CLANG_ENABLE_OBJC_ARC = YES;
				CLANG_ENABLE_OBJC_WEAK = YES;
				CLANG_WARN_BLOCK_CAPTURE_AUTORELEASING = YES;
				CLANG_WARN_BOOL_CONVERSION = YES;
				CLANG_WARN_COMMA = YES;
				CLANG_WARN_CONSTANT_CONVERSION = YES;
				CLANG_WARN_DEPRECATED_OBJC_IMPLEMENTATIONS = YES;
				CLANG_WARN_DIRECT_OBJC_ISA_USAGE = YES_ERROR;
				CLANG_WARN_DOCUMENTATION_COMMENTS = YES;
				CLANG_WARN_EMPTY_BODY = YES;
				CLANG_WARN_ENUM_CONVERSION = YES;
				CLANG_WARN_INFINITE_RECURSION = YES;
				CLANG_WARN_INT_CONVERSION = YES;
				CLANG_WARN_NON_LITERAL_NULL_CONVERSION = YES;
				CLANG_WARN_OBJC_IMPLICIT_RETAIN_SELF = YES;
				CLANG_WARN_OBJC_LITERAL_CONVERSION = YES;
				CLANG_WARN_OBJC_ROOT_CLASS = YES_ERROR;
				CLANG_WARN_RANGE_LOOP_ANALYSIS = YES;
				CLANG_WARN_STRICT_PROTOTYPES = YES;
				CLANG_WARN_SUSPICIOUS_MOVE = YES;
				CLANG_WARN_UNGUARDED_AVAILABILITY = YES_AGGRESSIVE;
				CLANG_WARN_UNREACHABLE_CODE = YES;
				CLANG_WARN__DUPLICATE_METHOD_MATCH = YES;
				CODE_SIGN_IDENTITY = "iPhone Developer";
				COPY_PHASE_STRIP = NO;
				DEBUG_INFORMATION_FORMAT = "dwarf-with-dsym";
				ENABLE_NS_ASSERTIONS = NO;
				ENABLE_STRICT_OBJC_MSGSEND = YES;
				GCC_C_LANGUAGE_STANDARD = gnu11;
				GCC_NO_COMMON_BLOCKS = YES;
				GCC_WARN_64_TO_32_BIT_CONVERSION = YES;
				GCC_WARN_ABOUT_RETURN_TYPE = YES_ERROR;
				GCC_WARN_UNDECLARED_SELECTOR = YES;
				GCC_WARN_UNINITIALIZED_AUTOS = YES_AGGRESSIVE;
				GCC_WARN_UNUSED_FUNCTION = YES;
				GCC_WARN_UNUSED_VARIABLE = YES;
				IPHONEOS_DEPLOYMENT_TARGET = 12.1;
				MTL_ENABLE_DEBUG_INFO = NO;
				MTL_FAST_MATH = YES;
				SDKROOT = iphoneos;
				SWIFT_COMPILATION_MODE = wholemodule;
				SWIFT_OPTIMIZATION_LEVEL = "-O";
				VALIDATE_PRODUCT = YES;
			};
			name = Release;
		};
		A1AB50732265677600AA3B6A /* Debug */ = {
			isa = XCBuildConfiguration;
			buildSettings = {
				ASSETCATALOG_COMPILER_APPICON_NAME = AppIcon;
				CODE_SIGN_STYLE = Automatic;
				DEVELOPMENT_TEAM = 743J7J89D4;
				INFOPLIST_FILE = MassMove/Info.plist;
				LD_RUNPATH_SEARCH_PATHS = (
					"$(inherited)",
					"@executable_path/Frameworks",
				);
				PRODUCT_BUNDLE_IDENTIFIER = Emily.MassMove;
				PRODUCT_NAME = "$(TARGET_NAME)";
				SWIFT_VERSION = 4.2;
				TARGETED_DEVICE_FAMILY = "1,2";
			};
			name = Debug;
		};
		A1AB50742265677600AA3B6A /* Release */ = {
			isa = XCBuildConfiguration;
			buildSettings = {
				ASSETCATALOG_COMPILER_APPICON_NAME = AppIcon;
				CODE_SIGN_STYLE = Automatic;
				DEVELOPMENT_TEAM = 743J7J89D4;
				INFOPLIST_FILE = MassMove/Info.plist;
				LD_RUNPATH_SEARCH_PATHS = (
					"$(inherited)",
					"@executable_path/Frameworks",
				);
				PRODUCT_BUNDLE_IDENTIFIER = Emily.MassMove;
				PRODUCT_NAME = "$(TARGET_NAME)";
				SWIFT_VERSION = 4.2;
				TARGETED_DEVICE_FAMILY = "1,2";
			};
			name = Release;
		};
		A1AB50762265677600AA3B6A /* Debug */ = {
			isa = XCBuildConfiguration;
			buildSettings = {
				ALWAYS_EMBED_SWIFT_STANDARD_LIBRARIES = YES;
				BUNDLE_LOADER = "$(TEST_HOST)";
				CODE_SIGN_STYLE = Automatic;
				INFOPLIST_FILE = MassMoveTests/Info.plist;
				LD_RUNPATH_SEARCH_PATHS = (
					"$(inherited)",
					"@executable_path/Frameworks",
					"@loader_path/Frameworks",
				);
				PRODUCT_BUNDLE_IDENTIFIER = Emily.MassMoveTests;
				PRODUCT_NAME = "$(TARGET_NAME)";
				SWIFT_VERSION = 4.2;
				TARGETED_DEVICE_FAMILY = "1,2";
				TEST_HOST = "$(BUILT_PRODUCTS_DIR)/MassMove.app/MassMove";
			};
			name = Debug;
		};
		A1AB50772265677600AA3B6A /* Release */ = {
			isa = XCBuildConfiguration;
			buildSettings = {
				ALWAYS_EMBED_SWIFT_STANDARD_LIBRARIES = YES;
				BUNDLE_LOADER = "$(TEST_HOST)";
				CODE_SIGN_STYLE = Automatic;
				INFOPLIST_FILE = MassMoveTests/Info.plist;
				LD_RUNPATH_SEARCH_PATHS = (
					"$(inherited)",
					"@executable_path/Frameworks",
					"@loader_path/Frameworks",
				);
				PRODUCT_BUNDLE_IDENTIFIER = Emily.MassMoveTests;
				PRODUCT_NAME = "$(TARGET_NAME)";
				SWIFT_VERSION = 4.2;
				TARGETED_DEVICE_FAMILY = "1,2";
				TEST_HOST = "$(BUILT_PRODUCTS_DIR)/MassMove.app/MassMove";
			};
			name = Release;
		};
		A1AB50792265677600AA3B6A /* Debug */ = {
			isa = XCBuildConfiguration;
			buildSettings = {
				ALWAYS_EMBED_SWIFT_STANDARD_LIBRARIES = YES;
				CODE_SIGN_STYLE = Automatic;
				INFOPLIST_FILE = MassMoveUITests/Info.plist;
				LD_RUNPATH_SEARCH_PATHS = (
					"$(inherited)",
					"@executable_path/Frameworks",
					"@loader_path/Frameworks",
				);
				PRODUCT_BUNDLE_IDENTIFIER = Emily.MassMoveUITests;
				PRODUCT_NAME = "$(TARGET_NAME)";
				SWIFT_VERSION = 4.2;
				TARGETED_DEVICE_FAMILY = "1,2";
				TEST_TARGET_NAME = MassMove;
			};
			name = Debug;
		};
		A1AB507A2265677600AA3B6A /* Release */ = {
			isa = XCBuildConfiguration;
			buildSettings = {
				ALWAYS_EMBED_SWIFT_STANDARD_LIBRARIES = YES;
				CODE_SIGN_STYLE = Automatic;
				INFOPLIST_FILE = MassMoveUITests/Info.plist;
				LD_RUNPATH_SEARCH_PATHS = (
					"$(inherited)",
					"@executable_path/Frameworks",
					"@loader_path/Frameworks",
				);
				PRODUCT_BUNDLE_IDENTIFIER = Emily.MassMoveUITests;
				PRODUCT_NAME = "$(TARGET_NAME)";
				SWIFT_VERSION = 4.2;
				TARGETED_DEVICE_FAMILY = "1,2";
				TEST_TARGET_NAME = MassMove;
			};
			name = Release;
		};
/* End XCBuildConfiguration section */

/* Begin XCConfigurationList section */
		A1AB50452265676F00AA3B6A /* Build configuration list for PBXProject "MassMove" */ = {
			isa = XCConfigurationList;
			buildConfigurations = (
				A1AB50702265677600AA3B6A /* Debug */,
				A1AB50712265677600AA3B6A /* Release */,
			);
			defaultConfigurationIsVisible = 0;
			defaultConfigurationName = Release;
		};
		A1AB50722265677600AA3B6A /* Build configuration list for PBXNativeTarget "MassMove" */ = {
			isa = XCConfigurationList;
			buildConfigurations = (
				A1AB50732265677600AA3B6A /* Debug */,
				A1AB50742265677600AA3B6A /* Release */,
			);
			defaultConfigurationIsVisible = 0;
			defaultConfigurationName = Release;
		};
		A1AB50752265677600AA3B6A /* Build configuration list for PBXNativeTarget "MassMoveTests" */ = {
			isa = XCConfigurationList;
			buildConfigurations = (
				A1AB50762265677600AA3B6A /* Debug */,
				A1AB50772265677600AA3B6A /* Release */,
			);
			defaultConfigurationIsVisible = 0;
			defaultConfigurationName = Release;
		};
		A1AB50782265677600AA3B6A /* Build configuration list for PBXNativeTarget "MassMoveUITests" */ = {
			isa = XCConfigurationList;
			buildConfigurations = (
				A1AB50792265677600AA3B6A /* Debug */,
				A1AB507A2265677600AA3B6A /* Release */,
			);
			defaultConfigurationIsVisible = 0;
			defaultConfigurationName = Release;
		};
/* End XCConfigurationList section */
	};
	rootObject = A1AB50422265676F00AA3B6A /* Project object */;
}
